Microsoft Visual Studio Solution File, Format Version 12.00
# Visual Studio Version 17
VisualStudioVersion = 17.5.2.0
MinimumVisualStudioVersion = 10.0.40219.1
Project("{FAE04EC0-301F-11D3-BF4B-00C04F79EFBC}") = "test2", "test2.csproj", "{375BBF8C-6D62-D29F-EF90-4E179594F447}"
EndProject
Global
	GlobalSection(SolutionConfigurationPlatforms) = preSolution
		Debug|Any CPU = Debug|Any CPU
		Release|Any CPU = Release|Any CPU
	EndGlobalSection
	GlobalSection(ProjectConfigurationPlatforms) = postSolution
		{375BBF8C-6D62-D29F-EF90-4E179594F447}.Debug|Any CPU.ActiveCfg = Debug|Any CPU
		{375BBF8C-6D62-D29F-EF90-4E179594F447}.Debug|Any CPU.Build.0 = Debug|Any CPU
		{375BBF8C-6D62-D29F-EF90-4E179594F447}.Release|Any CPU.ActiveCfg = Release|Any CPU
		{375BBF8C-6D62-D29F-EF90-4E179594F447}.Release|Any CPU.Build.0 = Release|Any CPU
	EndGlobalSection
	GlobalSection(SolutionProperties) = preSolution
		HideSolutionNode = FALSE
	EndGlobalSection
	GlobalSection(ExtensibilityGlobals) = postSolution
		SolutionGuid = {906D6742-4976-42FF-8C55-33F7CE8DC175}
	EndGlobalSection
EndGlobal
